// !$*UTF8*$!
{
	archiveVersion = 1;
	classes = {
	};
	objectVersion = 55;
	objects = {

/* Begin PBXBuildFile section */
		B96943542720AF80008A824A /* BottomView.swift in Sources */ = {isa = PBXBuildFile; fileRef = B96943532720AF80008A824A /* BottomView.swift */; };
		B969435627285757008A824A /* SearchResultsTableViewCell.swift in Sources */ = {isa = PBXBuildFile; fileRef = B969435527285757008A824A /* SearchResultsTableViewCell.swift */; };
		B985F0022715C8AB0014E53D /* AppDelegate.swift in Sources */ = {isa = PBXBuildFile; fileRef = B985F0012715C8AB0014E53D /* AppDelegate.swift */; };
		B985F0042715C8AB0014E53D /* SceneDelegate.swift in Sources */ = {isa = PBXBuildFile; fileRef = B985F0032715C8AB0014E53D /* SceneDelegate.swift */; };
		B985F0062715C8AB0014E53D /* ViewController.swift in Sources */ = {isa = PBXBuildFile; fileRef = B985F0052715C8AB0014E53D /* ViewController.swift */; };
		B985F00E2715C8AE0014E53D /* LaunchScreen.storyboard in Resources */ = {isa = PBXBuildFile; fileRef = B985F00C2715C8AE0014E53D /* LaunchScreen.storyboard */; };
		B985F01A2715D22E0014E53D /* ContentView.swift in Sources */ = {isa = PBXBuildFile; fileRef = B985F0192715D22E0014E53D /* ContentView.swift */; };
		B985F01F2719F7530014E53D /* LovelyMelody-OVYp4.otf in Resources */ = {isa = PBXBuildFile; fileRef = B985F00A2715C8AE0014E53D /* LovelyMelody-OVYp4.otf */; };
		B985F0222719F9170014E53D /* Assets.xcassets in Resources */ = {isa = PBXBuildFile; fileRef = B985F0212719F9170014E53D /* Assets.xcassets */; };
		B985F024271B13FD0014E53D /* TopViewController.swift in Sources */ = {isa = PBXBuildFile; fileRef = B985F023271B13FD0014E53D /* TopViewController.swift */; };
		B985F026271B14D70014E53D /* BottomViewController.swift in Sources */ = {isa = PBXBuildFile; fileRef = B985F025271B14D70014E53D /* BottomViewController.swift */; };
		B985F028271B19850014E53D /* TopView.swift in Sources */ = {isa = PBXBuildFile; fileRef = B985F027271B19850014E53D /* TopView.swift */; };
		B9A7F3BF2729E11F0056083D /* WordDetailsView.swift in Sources */ = {isa = PBXBuildFile; fileRef = B9A7F3BE2729E11F0056083D /* WordDetailsView.swift */; };
		B9A7F3C12729E35F0056083D /* WordDetailsViewController.swift in Sources */ = {isa = PBXBuildFile; fileRef = B9A7F3C02729E35F0056083D /* WordDetailsViewController.swift */; };
		B9A7F3C32729EA030056083D /* Word.swift in Sources */ = {isa = PBXBuildFile; fileRef = B9A7F3C22729EA030056083D /* Word.swift */; };
		B9A7F3C52729F9D90056083D /* WordDetailsClassView.swift in Sources */ = {isa = PBXBuildFile; fileRef = B9A7F3C42729F9D90056083D /* WordDetailsClassView.swift */; };
		BA8491DB17AAA9077C8EA0D9 /* Pods_daily_dose_of_definitions.framework in Frameworks */ = {isa = PBXBuildFile; fileRef = 64C15DABD3FDEBDB88E7EDB7 /* Pods_daily_dose_of_definitions.framework */; };
/* End PBXBuildFile section */

/* Begin PBXFileReference section */
		64C15DABD3FDEBDB88E7EDB7 /* Pods_daily_dose_of_definitions.framework */ = {isa = PBXFileReference; explicitFileType = wrapper.framework; includeInIndex = 0; path = Pods_daily_dose_of_definitions.framework; sourceTree = BUILT_PRODUCTS_DIR; };
		850E98716C07A8D7932BB7D9 /* Pods-daily-dose-of-definitions.debug.xcconfig */ = {isa = PBXFileReference; includeInIndex = 1; lastKnownFileType = text.xcconfig; name = "Pods-daily-dose-of-definitions.debug.xcconfig"; path = "Target Support Files/Pods-daily-dose-of-definitions/Pods-daily-dose-of-definitions.debug.xcconfig"; sourceTree = "<group>"; };
		B96943532720AF80008A824A /* BottomView.swift */ = {isa = PBXFileReference; lastKnownFileType = sourcecode.swift; path = BottomView.swift; sourceTree = "<group>"; };
		B969435527285757008A824A /* SearchResultsTableViewCell.swift */ = {isa = PBXFileReference; lastKnownFileType = sourcecode.swift; path = SearchResultsTableViewCell.swift; sourceTree = "<group>"; };
		B985EFFE2715C8AB0014E53D /* daily-dose-of-definitions.app */ = {isa = PBXFileReference; explicitFileType = wrapper.application; includeInIndex = 0; path = "daily-dose-of-definitions.app"; sourceTree = BUILT_PRODUCTS_DIR; };
		B985F0012715C8AB0014E53D /* AppDelegate.swift */ = {isa = PBXFileReference; lastKnownFileType = sourcecode.swift; path = AppDelegate.swift; sourceTree = "<group>"; };
		B985F0032715C8AB0014E53D /* SceneDelegate.swift */ = {isa = PBXFileReference; lastKnownFileType = sourcecode.swift; path = SceneDelegate.swift; sourceTree = "<group>"; };
		B985F0052715C8AB0014E53D /* ViewController.swift */ = {isa = PBXFileReference; lastKnownFileType = sourcecode.swift; path = ViewController.swift; sourceTree = "<group>"; };
		B985F00A2715C8AE0014E53D /* LovelyMelody-OVYp4.otf */ = {isa = PBXFileReference; lastKnownFileType = file; path = "LovelyMelody-OVYp4.otf"; sourceTree = "<group>"; };
		B985F00D2715C8AE0014E53D /* Base */ = {isa = PBXFileReference; lastKnownFileType = file.storyboard; name = Base; path = Base.lproj/LaunchScreen.storyboard; sourceTree = "<group>"; };
		B985F00F2715C8AE0014E53D /* Info.plist */ = {isa = PBXFileReference; lastKnownFileType = text.plist.xml; path = Info.plist; sourceTree = "<group>"; };
		B985F0192715D22E0014E53D /* ContentView.swift */ = {isa = PBXFileReference; lastKnownFileType = sourcecode.swift; path = ContentView.swift; sourceTree = "<group>"; };
		B985F0212719F9170014E53D /* Assets.xcassets */ = {isa = PBXFileReference; lastKnownFileType = folder.assetcatalog; path = Assets.xcassets; sourceTree = "<group>"; };
		B985F023271B13FD0014E53D /* TopViewController.swift */ = {isa = PBXFileReference; lastKnownFileType = sourcecode.swift; path = TopViewController.swift; sourceTree = "<group>"; };
		B985F025271B14D70014E53D /* BottomViewController.swift */ = {isa = PBXFileReference; lastKnownFileType = sourcecode.swift; path = BottomViewController.swift; sourceTree = "<group>"; };
		B985F027271B19850014E53D /* TopView.swift */ = {isa = PBXFileReference; lastKnownFileType = sourcecode.swift; path = TopView.swift; sourceTree = "<group>"; };
		B9A7F3BE2729E11F0056083D /* WordDetailsView.swift */ = {isa = PBXFileReference; lastKnownFileType = sourcecode.swift; path = WordDetailsView.swift; sourceTree = "<group>"; };
		B9A7F3C02729E35F0056083D /* WordDetailsViewController.swift */ = {isa = PBXFileReference; lastKnownFileType = sourcecode.swift; path = WordDetailsViewController.swift; sourceTree = "<group>"; };
		B9A7F3C22729EA030056083D /* Word.swift */ = {isa = PBXFileReference; lastKnownFileType = sourcecode.swift; path = Word.swift; sourceTree = "<group>"; };
		B9A7F3C42729F9D90056083D /* WordDetailsClassView.swift */ = {isa = PBXFileReference; lastKnownFileType = sourcecode.swift; path = WordDetailsClassView.swift; sourceTree = "<group>"; };
		F9EEE8279DAB86429A86259B /* Pods-daily-dose-of-definitions.release.xcconfig */ = {isa = PBXFileReference; includeInIndex = 1; lastKnownFileType = text.xcconfig; name = "Pods-daily-dose-of-definitions.release.xcconfig"; path = "Target Support Files/Pods-daily-dose-of-definitions/Pods-daily-dose-of-definitions.release.xcconfig"; sourceTree = "<group>"; };
/* End PBXFileReference section */

/* Begin PBXFrameworksBuildPhase section */
		B985EFFB2715C8AB0014E53D /* Frameworks */ = {
			isa = PBXFrameworksBuildPhase;
			buildActionMask = 2147483647;
			files = (
				BA8491DB17AAA9077C8EA0D9 /* Pods_daily_dose_of_definitions.framework in Frameworks */,
			);
			runOnlyForDeploymentPostprocessing = 0;
		};
/* End PBXFrameworksBuildPhase section */

/* Begin PBXGroup section */
		7F41F16DCF10859561898099 /* Pods */ = {
			isa = PBXGroup;
			children = (
				850E98716C07A8D7932BB7D9 /* Pods-daily-dose-of-definitions.debug.xcconfig */,
				F9EEE8279DAB86429A86259B /* Pods-daily-dose-of-definitions.release.xcconfig */,
			);
			name = Pods;
			path = Pods;
			sourceTree = "<group>";
		};
		B985EFF52715C8AB0014E53D = {
			isa = PBXGroup;
			children = (
				B985F0002715C8AB0014E53D /* daily-dose-of-definitions */,
				B985EFFF2715C8AB0014E53D /* Products */,
				7F41F16DCF10859561898099 /* Pods */,
				F5FCB6359DEF22E44E77249C /* Frameworks */,
			);
			sourceTree = "<group>";
		};
		B985EFFF2715C8AB0014E53D /* Products */ = {
			isa = PBXGroup;
			children = (
				B985EFFE2715C8AB0014E53D /* daily-dose-of-definitions.app */,
			);
			name = Products;
			sourceTree = "<group>";
		};
		B985F0002715C8AB0014E53D /* daily-dose-of-definitions */ = {
			isa = PBXGroup;
			children = (
				B985F0152715C8D10014E53D /* Model */,
				B985F0162715C8D90014E53D /* View */,
				B985F0172715C8E00014E53D /* Controller */,
				B985F0182715C8EA0014E53D /* Supporting Files */,
			);
			path = "daily-dose-of-definitions";
			sourceTree = "<group>";
		};
		B985F0152715C8D10014E53D /* Model */ = {
			isa = PBXGroup;
			children = (
				B9A7F3C22729EA030056083D /* Word.swift */,
			);
			path = Model;
			sourceTree = "<group>";
		};
		B985F0162715C8D90014E53D /* View */ = {
			isa = PBXGroup;
			children = (
				B985F0192715D22E0014E53D /* ContentView.swift */,
				B985F027271B19850014E53D /* TopView.swift */,
				B96943532720AF80008A824A /* BottomView.swift */,
				B969435527285757008A824A /* SearchResultsTableViewCell.swift */,
				B9A7F3BE2729E11F0056083D /* WordDetailsView.swift */,
				B9A7F3C42729F9D90056083D /* WordDetailsClassView.swift */,
			);
			path = View;
			sourceTree = "<group>";
		};
		B985F0172715C8E00014E53D /* Controller */ = {
			isa = PBXGroup;
			children = (
				B985F0052715C8AB0014E53D /* ViewController.swift */,
				B985F023271B13FD0014E53D /* TopViewController.swift */,
				B985F025271B14D70014E53D /* BottomViewController.swift */,
				B9A7F3C02729E35F0056083D /* WordDetailsViewController.swift */,
			);
			path = Controller;
			sourceTree = "<group>";
		};
		B985F0182715C8EA0014E53D /* Supporting Files */ = {
			isa = PBXGroup;
			children = (
				B985F0012715C8AB0014E53D /* AppDelegate.swift */,
				B985F0032715C8AB0014E53D /* SceneDelegate.swift */,
				B985F00C2715C8AE0014E53D /* LaunchScreen.storyboard */,
				B985F00F2715C8AE0014E53D /* Info.plist */,
				B985F0212719F9170014E53D /* Assets.xcassets */,
				B985F00A2715C8AE0014E53D /* LovelyMelody-OVYp4.otf */,
			);
			path = "Supporting Files";
			sourceTree = "<group>";
		};
		F5FCB6359DEF22E44E77249C /* Frameworks */ = {
			isa = PBXGroup;
			children = (
				64C15DABD3FDEBDB88E7EDB7 /* Pods_daily_dose_of_definitions.framework */,
			);
			name = Frameworks;
			sourceTree = "<group>";
		};
/* End PBXGroup section */

/* Begin PBXNativeTarget section */
		B985EFFD2715C8AB0014E53D /* daily-dose-of-definitions */ = {
			isa = PBXNativeTarget;
			buildConfigurationList = B985F0122715C8AE0014E53D /* Build configuration list for PBXNativeTarget "daily-dose-of-definitions" */;
			buildPhases = (
				C91EBF1812CFF905B81D5595 /* [CP] Check Pods Manifest.lock */,
				B985EFFA2715C8AB0014E53D /* Sources */,
				B985EFFB2715C8AB0014E53D /* Frameworks */,
				B985EFFC2715C8AB0014E53D /* Resources */,
				587D86C47BD806FB56128A30 /* [CP] Embed Pods Frameworks */,
			);
			buildRules = (
			);
			dependencies = (
			);
			name = "daily-dose-of-definitions";
			productName = "daily-dose-of-definitions";
			productReference = B985EFFE2715C8AB0014E53D /* daily-dose-of-definitions.app */;
			productType = "com.apple.product-type.application";
		};
/* End PBXNativeTarget section */

/* Begin PBXProject section */
		B985EFF62715C8AB0014E53D /* Project object */ = {
			isa = PBXProject;
			attributes = {
				BuildIndependentTargetsInParallel = 1;
				LastSwiftUpdateCheck = 1300;
				LastUpgradeCheck = 1300;
				TargetAttributes = {
					B985EFFD2715C8AB0014E53D = {
						CreatedOnToolsVersion = 13.0;
					};
				};
			};
			buildConfigurationList = B985EFF92715C8AB0014E53D /* Build configuration list for PBXProject "daily-dose-of-definitions" */;
			compatibilityVersion = "Xcode 13.0";
			developmentRegion = en;
			hasScannedForEncodings = 0;
			knownRegions = (
				en,
				Base,
			);
			mainGroup = B985EFF52715C8AB0014E53D;
			productRefGroup = B985EFFF2715C8AB0014E53D /* Products */;
			projectDirPath = "";
			projectRoot = "";
			targets = (
				B985EFFD2715C8AB0014E53D /* daily-dose-of-definitions */,
			);
		};
/* End PBXProject section */

/* Begin PBXResourcesBuildPhase section */
		B985EFFC2715C8AB0014E53D /* Resources */ = {
			isa = PBXResourcesBuildPhase;
			buildActionMask = 2147483647;
			files = (
				B985F0222719F9170014E53D /* Assets.xcassets in Resources */,
				B985F01F2719F7530014E53D /* LovelyMelody-OVYp4.otf in Resources */,
				B985F00E2715C8AE0014E53D /* LaunchScreen.storyboard in Resources */,
			);
			runOnlyForDeploymentPostprocessing = 0;
		};
/* End PBXResourcesBuildPhase section */

/* Begin PBXShellScriptBuildPhase section */
		587D86C47BD806FB56128A30 /* [CP] Embed Pods Frameworks */ = {
			isa = PBXShellScriptBuildPhase;
			buildActionMask = 2147483647;
			files = (
			);
			inputFileListPaths = (
				"${PODS_ROOT}/Target Support Files/Pods-daily-dose-of-definitions/Pods-daily-dose-of-definitions-frameworks-${CONFIGURATION}-input-files.xcfilelist",
			);
			name = "[CP] Embed Pods Frameworks";
			outputFileListPaths = (
				"${PODS_ROOT}/Target Support Files/Pods-daily-dose-of-definitions/Pods-daily-dose-of-definitions-frameworks-${CONFIGURATION}-output-files.xcfilelist",
			);
			runOnlyForDeploymentPostprocessing = 0;
			shellPath = /bin/sh;
			shellScript = "\"${PODS_ROOT}/Target Support Files/Pods-daily-dose-of-definitions/Pods-daily-dose-of-definitions-frameworks.sh\"\n";
			showEnvVarsInLog = 0;
		};
		C91EBF1812CFF905B81D5595 /* [CP] Check Pods Manifest.lock */ = {
			isa = PBXShellScriptBuildPhase;
			buildActionMask = 2147483647;
			files = (
			);
			inputFileListPaths = (
			);
			inputPaths = (
				"${PODS_PODFILE_DIR_PATH}/Podfile.lock",
				"${PODS_ROOT}/Manifest.lock",
			);
			name = "[CP] Check Pods Manifest.lock";
			outputFileListPaths = (
			);
			outputPaths = (
				"$(DERIVED_FILE_DIR)/Pods-daily-dose-of-definitions-checkManifestLockResult.txt",
			);
			runOnlyForDeploymentPostprocessing = 0;
			shellPath = /bin/sh;
			shellScript = "diff \"${PODS_PODFILE_DIR_PATH}/Podfile.lock\" \"${PODS_ROOT}/Manifest.lock\" > /dev/null\nif [ $? != 0 ] ; then\n    # print error to STDERR\n    echo \"error: The sandbox is not in sync with the Podfile.lock. Run 'pod install' or update your CocoaPods installation.\" >&2\n    exit 1\nfi\n# This output is used by Xcode 'outputs' to avoid re-running this script phase.\necho \"SUCCESS\" > \"${SCRIPT_OUTPUT_FILE_0}\"\n";
			showEnvVarsInLog = 0;
		};
/* End PBXShellScriptBuildPhase section */

/* Begin PBXSourcesBuildPhase section */
		B985EFFA2715C8AB0014E53D /* Sources */ = {
			isa = PBXSourcesBuildPhase;
			buildActionMask = 2147483647;
			files = (
				B9A7F3C12729E35F0056083D /* WordDetailsViewController.swift in Sources */,
				B985F0062715C8AB0014E53D /* ViewController.swift in Sources */,
				B985F0022715C8AB0014E53D /* AppDelegate.swift in Sources */,
				B969435627285757008A824A /* SearchResultsTableViewCell.swift in Sources */,
				B985F01A2715D22E0014E53D /* ContentView.swift in Sources */,
				B9A7F3C32729EA030056083D /* Word.swift in Sources */,
				B96943542720AF80008A824A /* BottomView.swift in Sources */,
				B985F0042715C8AB0014E53D /* SceneDelegate.swift in Sources */,
				B9A7F3C52729F9D90056083D /* WordDetailsClassView.swift in Sources */,
				B985F024271B13FD0014E53D /* TopViewController.swift in Sources */,
				B985F028271B19850014E53D /* TopView.swift in Sources */,
				B985F026271B14D70014E53D /* BottomViewController.swift in Sources */,
				B9A7F3BF2729E11F0056083D /* WordDetailsView.swift in Sources */,
			);
			runOnlyForDeploymentPostprocessing = 0;
		};
/* End PBXSourcesBuildPhase section */

/* Begin PBXVariantGroup section */
		B985F00C2715C8AE0014E53D /* LaunchScreen.storyboard */ = {
			isa = PBXVariantGroup;
			children = (
				B985F00D2715C8AE0014E53D /* Base */,
			);
			name = LaunchScreen.storyboard;
			sourceTree = "<group>";
		};
/* End PBXVariantGroup section */

/* Begin XCBuildConfiguration section */
		B985F0102715C8AE0014E53D /* Debug */ = {
			isa = XCBuildConfiguration;
			buildSettings = {
				ALWAYS_SEARCH_USER_PATHS = NO;
				CLANG_ANALYZER_NONNULL = YES;
				CLANG_ANALYZER_NUMBER_OBJECT_CONVERSION = YES_AGGRESSIVE;
				CLANG_CXX_LANGUAGE_STANDARD = "gnu++17";
				CLANG_CXX_LIBRARY = "libc++";
				CLANG_ENABLE_MODULES = YES;
				CLANG_ENABLE_OBJC_ARC = YES;
				CLANG_ENABLE_OBJC_WEAK = YES;
				CLANG_WARN_BLOCK_CAPTURE_AUTORELEASING = YES;
				CLANG_WARN_BOOL_CONVERSION = YES;
				CLANG_WARN_COMMA = YES;
				CLANG_WARN_CONSTANT_CONVERSION = YES;
				CLANG_WARN_DEPRECATED_OBJC_IMPLEMENTATIONS = YES;
				CLANG_WARN_DIRECT_OBJC_ISA_USAGE = YES_ERROR;
				CLANG_WARN_DOCUMENTATION_COMMENTS = YES;
				CLANG_WARN_EMPTY_BODY = YES;
				CLANG_WARN_ENUM_CONVERSION = YES;
				CLANG_WARN_INFINITE_RECURSION = YES;
				CLANG_WARN_INT_CONVERSION = YES;
				CLANG_WARN_NON_LITERAL_NULL_CONVERSION = YES;
				CLANG_WARN_OBJC_IMPLICIT_RETAIN_SELF = YES;
				CLANG_WARN_OBJC_LITERAL_CONVERSION = YES;
				CLANG_WARN_OBJC_ROOT_CLASS = YES_ERROR;
				CLANG_WARN_QUOTED_INCLUDE_IN_FRAMEWORK_HEADER = YES;
				CLANG_WARN_RANGE_LOOP_ANALYSIS = YES;
				CLANG_WARN_STRICT_PROTOTYPES = YES;
				CLANG_WARN_SUSPICIOUS_MOVE = YES;
				CLANG_WARN_UNGUARDED_AVAILABILITY = YES_AGGRESSIVE;
				CLANG_WARN_UNREACHABLE_CODE = YES;
				CLANG_WARN__DUPLICATE_METHOD_MATCH = YES;
				COPY_PHASE_STRIP = NO;
				DEBUG_INFORMATION_FORMAT = dwarf;
				ENABLE_STRICT_OBJC_MSGSEND = YES;
				ENABLE_TESTABILITY = YES;
				GCC_C_LANGUAGE_STANDARD = gnu11;
				GCC_DYNAMIC_NO_PIC = NO;
				GCC_NO_COMMON_BLOCKS = YES;
				GCC_OPTIMIZATION_LEVEL = 0;
				GCC_PREPROCESSOR_DEFINITIONS = (
					"DEBUG=1",
					"$(inherited)",
				);
				GCC_WARN_64_TO_32_BIT_CONVERSION = YES;
				GCC_WARN_ABOUT_RETURN_TYPE = YES_ERROR;
				GCC_WARN_UNDECLARED_SELECTOR = YES;
				GCC_WARN_UNINITIALIZED_AUTOS = YES_AGGRESSIVE;
				GCC_WARN_UNUSED_FUNCTION = YES;
				GCC_WARN_UNUSED_VARIABLE = YES;
				IPHONEOS_DEPLOYMENT_TARGET = 15.0;
				MTL_ENABLE_DEBUG_INFO = INCLUDE_SOURCE;
				MTL_FAST_MATH = YES;
				ONLY_ACTIVE_ARCH = YES;
				SDKROOT = iphoneos;
				SWIFT_ACTIVE_COMPILATION_CONDITIONS = DEBUG;
				SWIFT_OPTIMIZATION_LEVEL = "-Onone";
			};
			name = Debug;
		};
		B985F0112715C8AE0014E53D /* Release */ = {
			isa = XCBuildConfiguration;
			buildSettings = {
				ALWAYS_SEARCH_USER_PATHS = NO;
				CLANG_ANALYZER_NONNULL = YES;
				CLANG_ANALYZER_NUMBER_OBJECT_CONVERSION = YES_AGGRESSIVE;
				CLANG_CXX_LANGUAGE_STANDARD = "gnu++17";
				CLANG_CXX_LIBRARY = "libc++";
				CLANG_ENABLE_MODULES = YES;
				CLANG_ENABLE_OBJC_ARC = YES;
				CLANG_ENABLE_OBJC_WEAK = YES;
				CLANG_WARN_BLOCK_CAPTURE_AUTORELEASING = YES;
				CLANG_WARN_BOOL_CONVERSION = YES;
				CLANG_WARN_COMMA = YES;
				CLANG_WARN_CONSTANT_CONVERSION = YES;
				CLANG_WARN_DEPRECATED_OBJC_IMPLEMENTATIONS = YES;
				CLANG_WARN_DIRECT_OBJC_ISA_USAGE = YES_ERROR;
				CLANG_WARN_DOCUMENTATION_COMMENTS = YES;
				CLANG_WARN_EMPTY_BODY = YES;
				CLANG_WARN_ENUM_CONVERSION = YES;
				CLANG_WARN_INFINITE_RECURSION = YES;
				CLANG_WARN_INT_CONVERSION = YES;
				CLANG_WARN_NON_LITERAL_NULL_CONVERSION = YES;
				CLANG_WARN_OBJC_IMPLICIT_RETAIN_SELF = YES;
				CLANG_WARN_OBJC_LITERAL_CONVERSION = YES;
				CLANG_WARN_OBJC_ROOT_CLASS = YES_ERROR;
				CLANG_WARN_QUOTED_INCLUDE_IN_FRAMEWORK_HEADER = YES;
				CLANG_WARN_RANGE_LOOP_ANALYSIS = YES;
				CLANG_WARN_STRICT_PROTOTYPES = YES;
				CLANG_WARN_SUSPICIOUS_MOVE = YES;
				CLANG_WARN_UNGUARDED_AVAILABILITY = YES_AGGRESSIVE;
				CLANG_WARN_UNREACHABLE_CODE = YES;
				CLANG_WARN__DUPLICATE_METHOD_MATCH = YES;
				COPY_PHASE_STRIP = NO;
				DEBUG_INFORMATION_FORMAT = "dwarf-with-dsym";
				ENABLE_NS_ASSERTIONS = NO;
				ENABLE_STRICT_OBJC_MSGSEND = YES;
				GCC_C_LANGUAGE_STANDARD = gnu11;
				GCC_NO_COMMON_BLOCKS = YES;
				GCC_WARN_64_TO_32_BIT_CONVERSION = YES;
				GCC_WARN_ABOUT_RETURN_TYPE = YES_ERROR;
				GCC_WARN_UNDECLARED_SELECTOR = YES;
				GCC_WARN_UNINITIALIZED_AUTOS = YES_AGGRESSIVE;
				GCC_WARN_UNUSED_FUNCTION = YES;
				GCC_WARN_UNUSED_VARIABLE = YES;
				IPHONEOS_DEPLOYMENT_TARGET = 15.0;
				MTL_ENABLE_DEBUG_INFO = NO;
				MTL_FAST_MATH = YES;
				SDKROOT = iphoneos;
				SWIFT_COMPILATION_MODE = wholemodule;
				SWIFT_OPTIMIZATION_LEVEL = "-O";
				VALIDATE_PRODUCT = YES;
			};
			name = Release;
		};
		B985F0132715C8AE0014E53D /* Debug */ = {
			isa = XCBuildConfiguration;
			baseConfigurationReference = 850E98716C07A8D7932BB7D9 /* Pods-daily-dose-of-definitions.debug.xcconfig */;
			buildSettings = {
				ASSETCATALOG_COMPILER_APPICON_NAME = AppIcon;
				ASSETCATALOG_COMPILER_GLOBAL_ACCENT_COLOR_NAME = AccentColor;
				CODE_SIGN_STYLE = Automatic;
				CURRENT_PROJECT_VERSION = 1;
				GENERATE_INFOPLIST_FILE = YES;
				INFOPLIST_FILE = "daily-dose-of-definitions/Supporting Files/Info.plist";
				INFOPLIST_KEY_UIApplicationSupportsIndirectInputEvents = YES;
				INFOPLIST_KEY_UILaunchStoryboardName = LaunchScreen;
				INFOPLIST_KEY_UISupportedInterfaceOrientations_iPad = "UIInterfaceOrientationPortrait UIInterfaceOrientationPortraitUpsideDown UIInterfaceOrientationLandscapeLeft UIInterfaceOrientationLandscapeRight";
				INFOPLIST_KEY_UISupportedInterfaceOrientations_iPhone = "UIInterfaceOrientationPortrait UIInterfaceOrientationLandscapeLeft UIInterfaceOrientationLandscapeRight";
				LD_RUNPATH_SEARCH_PATHS = (
					"$(inherited)",
					"@executable_path/Frameworks",
				);
				MARKETING_VERSION = 1.0;
				PRODUCT_BUNDLE_IDENTIFIER = "com.dianaruizolvera.MyPlayground.daily-dose-of-definitions";
				PRODUCT_NAME = "$(TARGET_NAME)";
				SWIFT_EMIT_LOC_STRINGS = YES;
				SWIFT_VERSION = 5.0;
				TARGETED_DEVICE_FAMILY = "1,2";
			};
			name = Debug;
		};
		B985F0142715C8AE0014E53D /* Release */ = {
			isa = XCBuildConfiguration;
			baseConfigurationReference = F9EEE8279DAB86429A86259B /* Pods-daily-dose-of-definitions.release.xcconfig */;
			buildSettings = {
				ASSETCATALOG_COMPILER_APPICON_NAME = AppIcon;
				ASSETCATALOG_COMPILER_GLOBAL_ACCENT_COLOR_NAME = AccentColor;
				CODE_SIGN_STYLE = Automatic;
				CURRENT_PROJECT_VERSION = 1;
				GENERATE_INFOPLIST_FILE = YES;
				INFOPLIST_FILE = "daily-dose-of-definitions/Supporting Files/Info.plist";
				INFOPLIST_KEY_UIApplicationSupportsIndirectInputEvents = YES;
				INFOPLIST_KEY_UILaunchStoryboardName = LaunchScreen;
				INFOPLIST_KEY_UISupportedInterfaceOrientations_iPad = "UIInterfaceOrientationPortrait UIInterfaceOrientationPortraitUpsideDown UIInterfaceOrientationLandscapeLeft UIInterfaceOrientationLandscapeRight";
				INFOPLIST_KEY_UISupportedInterfaceOrientations_iPhone = "UIInterfaceOrientationPortrait UIInterfaceOrientationLandscapeLeft UIInterfaceOrientationLandscapeRight";
				LD_RUNPATH_SEARCH_PATHS = (
					"$(inherited)",
					"@executable_path/Frameworks",
				);
				MARKETING_VERSION = 1.0;
				PRODUCT_BUNDLE_IDENTIFIER = "com.dianaruizolvera.MyPlayground.daily-dose-of-definitions";
				PRODUCT_NAME = "$(TARGET_NAME)";
				SWIFT_EMIT_LOC_STRINGS = YES;
				SWIFT_VERSION = 5.0;
				TARGETED_DEVICE_FAMILY = "1,2";
			};
			name = Release;
		};
/* End XCBuildConfiguration section */

/* Begin XCConfigurationList section */
		B985EFF92715C8AB0014E53D /* Build configuration list for PBXProject "daily-dose-of-definitions" */ = {
			isa = XCConfigurationList;
			buildConfigurations = (
				B985F0102715C8AE0014E53D /* Debug */,
				B985F0112715C8AE0014E53D /* Release */,
			);
			defaultConfigurationIsVisible = 0;
			defaultConfigurationName = Release;
		};
		B985F0122715C8AE0014E53D /* Build configuration list for PBXNativeTarget "daily-dose-of-definitions" */ = {
			isa = XCConfigurationList;
			buildConfigurations = (
				B985F0132715C8AE0014E53D /* Debug */,
				B985F0142715C8AE0014E53D /* Release */,
			);
			defaultConfigurationIsVisible = 0;
			defaultConfigurationName = Release;
		};
/* End XCConfigurationList section */
	};
	rootObject = B985EFF62715C8AB0014E53D /* Project object */;
}
